
Microsoft Visual Studio Solution File, Format Version 12.00
# Visual Studio Version 17
VisualStudioVersion = 17.7.34221.43
MinimumVisualStudioVersion = 10.0.40219.1
Project("{FAE04EC0-301F-11D3-BF4B-00C04F79EFBC}") = "WindowsFormsApp1", "WindowsFormsApp1\WindowsFormsApp1.csproj", "{A6FA9BA0-B30F-4D90-BCEC-EF781BA9117A}"
EndProject
Global
	GlobalSection(SolutionConfigurationPlatforms) = preSolution
		Debug|Any CPU = Debug|Any CPU
		Release|Any CPU = Release|Any CPU
	EndGlobalSection
	GlobalSection(ProjectConfigurationPlatforms) = postSolution
		{A6FA9BA0-B30F-4D90-BCEC-EF781BA9117A}.Debug|Any CPU.ActiveCfg = Debug|Any CPU
		{A6FA9BA0-B30F-4D90-BCEC-EF781BA9117A}.Debug|Any CPU.Build.0 = Debug|Any CPU
		{A6FA9BA0-B30F-4D90-BCEC-EF781BA9117A}.Release|Any CPU.ActiveCfg = Release|Any CPU
		{A6FA9BA0-B30F-4D90-BCEC-EF781BA9117A}.Release|Any CPU.Build.0 = Release|Any CPU
	EndGlobalSection
	GlobalSection(SolutionProperties) = preSolution
		HideSolutionNode = FALSE
	EndGlobalSection
	GlobalSection(ExtensibilityGlobals) = postSolution
		SolutionGuid = {F9088BC1-DE61-4769-AE6E-72FA888CBB47}
	EndGlobalSection
EndGlobal
